
Microsoft Visual Studio Solution File, Format Version 12.00
# Visual Studio Version 17
VisualStudioVersion = 17.4.33110.190
MinimumVisualStudioVersion = 10.0.40219.1
Project("{FAE04EC0-301F-11D3-BF4B-00C04F79EFBC}") = "TestSQL", "TestSQL\TestSQL.csproj", "{B1B16B5E-6BD2-423F-AF98-BA81C9719126}"
EndProject
Global
	GlobalSection(SolutionConfigurationPlatforms) = preSolution
		Debug|Any CPU = Debug|Any CPU
		Release|Any CPU = Release|Any CPU
	EndGlobalSection
	GlobalSection(ProjectConfigurationPlatforms) = postSolution
		{B1B16B5E-6BD2-423F-AF98-BA81C9719126}.Debug|Any CPU.ActiveCfg = Debug|Any CPU
		{B1B16B5E-6BD2-423F-AF98-BA81C9719126}.Debug|Any CPU.Build.0 = Debug|Any CPU
		{B1B16B5E-6BD2-423F-AF98-BA81C9719126}.Release|Any CPU.ActiveCfg = Release|Any CPU
		{B1B16B5E-6BD2-423F-AF98-BA81C9719126}.Release|Any CPU.Build.0 = Release|Any CPU
	EndGlobalSection
	GlobalSection(SolutionProperties) = preSolution
		HideSolutionNode = FALSE
	EndGlobalSection
	GlobalSection(ExtensibilityGlobals) = postSolution
		SolutionGuid = {F159FC2D-95DA-485E-BE48-BF0781097E2E}
	EndGlobalSection
EndGlobal
